// !$*UTF8*$!
{
	archiveVersion = 1;
	classes = {
	};
	objectVersion = 48;
	objects = {

/* Begin PBXBuildFile section */
		A7AE54CE207765770040AEE0 /* AppDelegate.swift in Sources */ = {isa = PBXBuildFile; fileRef = A7AE54CD207765770040AEE0 /* AppDelegate.swift */; };
		A7AE54D3207765770040AEE0 /* Main.storyboard in Resources */ = {isa = PBXBuildFile; fileRef = A7AE54D1207765770040AEE0 /* Main.storyboard */; };
		A7AE54D5207765770040AEE0 /* Assets.xcassets in Resources */ = {isa = PBXBuildFile; fileRef = A7AE54D4207765770040AEE0 /* Assets.xcassets */; };
		A7AE54D8207765770040AEE0 /* LaunchScreen.storyboard in Resources */ = {isa = PBXBuildFile; fileRef = A7AE54D6207765770040AEE0 /* LaunchScreen.storyboard */; };
		A7AE54E3207765770040AEE0 /* in4meTests.swift in Sources */ = {isa = PBXBuildFile; fileRef = A7AE54E2207765770040AEE0 /* in4meTests.swift */; };
		A7AE54EE207765780040AEE0 /* in4meUITests.swift in Sources */ = {isa = PBXBuildFile; fileRef = A7AE54ED207765780040AEE0 /* in4meUITests.swift */; };
		A7AE54FE20776B700040AEE0 /* TextMessageCell.swift in Sources */ = {isa = PBXBuildFile; fileRef = A7AE54FD20776B700040AEE0 /* TextMessageCell.swift */; };
		A7AE550220776DF80040AEE0 /* DashboardCollectionViewController.swift in Sources */ = {isa = PBXBuildFile; fileRef = A7AE550120776DF80040AEE0 /* DashboardCollectionViewController.swift */; };
		A7AE55042077F5F60040AEE0 /* Utilities.swift in Sources */ = {isa = PBXBuildFile; fileRef = A7AE55032077F5F60040AEE0 /* Utilities.swift */; };
		A7AE55062077FFFC0040AEE0 /* LayoutConstants.swift in Sources */ = {isa = PBXBuildFile; fileRef = A7AE55052077FFFC0040AEE0 /* LayoutConstants.swift */; };
/* End PBXBuildFile section */

/* Begin PBXContainerItemProxy section */
		A7AE54DF207765770040AEE0 /* PBXContainerItemProxy */ = {
			isa = PBXContainerItemProxy;
			containerPortal = A7AE54C2207765770040AEE0 /* Project object */;
			proxyType = 1;
			remoteGlobalIDString = A7AE54C9207765770040AEE0;
			remoteInfo = in4me;
		};
		A7AE54EA207765770040AEE0 /* PBXContainerItemProxy */ = {
			isa = PBXContainerItemProxy;
			containerPortal = A7AE54C2207765770040AEE0 /* Project object */;
			proxyType = 1;
			remoteGlobalIDString = A7AE54C9207765770040AEE0;
			remoteInfo = in4me;
		};
/* End PBXContainerItemProxy section */

/* Begin PBXFileReference section */
		A7AE54CA207765770040AEE0 /* in4me.app */ = {isa = PBXFileReference; explicitFileType = wrapper.application; includeInIndex = 0; path = in4me.app; sourceTree = BUILT_PRODUCTS_DIR; };
		A7AE54CD207765770040AEE0 /* AppDelegate.swift */ = {isa = PBXFileReference; lastKnownFileType = sourcecode.swift; path = AppDelegate.swift; sourceTree = "<group>"; };
		A7AE54D2207765770040AEE0 /* Base */ = {isa = PBXFileReference; lastKnownFileType = file.storyboard; name = Base; path = Base.lproj/Main.storyboard; sourceTree = "<group>"; };
		A7AE54D4207765770040AEE0 /* Assets.xcassets */ = {isa = PBXFileReference; lastKnownFileType = folder.assetcatalog; path = Assets.xcassets; sourceTree = "<group>"; };
		A7AE54D7207765770040AEE0 /* Base */ = {isa = PBXFileReference; lastKnownFileType = file.storyboard; name = Base; path = Base.lproj/LaunchScreen.storyboard; sourceTree = "<group>"; };
		A7AE54D9207765770040AEE0 /* Info.plist */ = {isa = PBXFileReference; lastKnownFileType = text.plist.xml; path = Info.plist; sourceTree = "<group>"; };
		A7AE54DE207765770040AEE0 /* in4meTests.xctest */ = {isa = PBXFileReference; explicitFileType = wrapper.cfbundle; includeInIndex = 0; path = in4meTests.xctest; sourceTree = BUILT_PRODUCTS_DIR; };
		A7AE54E2207765770040AEE0 /* in4meTests.swift */ = {isa = PBXFileReference; lastKnownFileType = sourcecode.swift; path = in4meTests.swift; sourceTree = "<group>"; };
		A7AE54E4207765770040AEE0 /* Info.plist */ = {isa = PBXFileReference; lastKnownFileType = text.plist.xml; path = Info.plist; sourceTree = "<group>"; };
		A7AE54E9207765770040AEE0 /* in4meUITests.xctest */ = {isa = PBXFileReference; explicitFileType = wrapper.cfbundle; includeInIndex = 0; path = in4meUITests.xctest; sourceTree = BUILT_PRODUCTS_DIR; };
		A7AE54ED207765780040AEE0 /* in4meUITests.swift */ = {isa = PBXFileReference; lastKnownFileType = sourcecode.swift; path = in4meUITests.swift; sourceTree = "<group>"; };
		A7AE54EF207765780040AEE0 /* Info.plist */ = {isa = PBXFileReference; lastKnownFileType = text.plist.xml; path = Info.plist; sourceTree = "<group>"; };
		A7AE54FD20776B700040AEE0 /* TextMessageCell.swift */ = {isa = PBXFileReference; lastKnownFileType = sourcecode.swift; path = TextMessageCell.swift; sourceTree = "<group>"; };
		A7AE550120776DF80040AEE0 /* DashboardCollectionViewController.swift */ = {isa = PBXFileReference; lastKnownFileType = sourcecode.swift; path = DashboardCollectionViewController.swift; sourceTree = "<group>"; };
		A7AE55032077F5F60040AEE0 /* Utilities.swift */ = {isa = PBXFileReference; lastKnownFileType = sourcecode.swift; path = Utilities.swift; sourceTree = "<group>"; };
		A7AE55052077FFFC0040AEE0 /* LayoutConstants.swift */ = {isa = PBXFileReference; lastKnownFileType = sourcecode.swift; path = LayoutConstants.swift; sourceTree = "<group>"; };
/* End PBXFileReference section */

/* Begin PBXFrameworksBuildPhase section */
		A7AE54C7207765770040AEE0 /* Frameworks */ = {
			isa = PBXFrameworksBuildPhase;
			buildActionMask = 2147483647;
			files = (
			);
			runOnlyForDeploymentPostprocessing = 0;
		};
		A7AE54DB207765770040AEE0 /* Frameworks */ = {
			isa = PBXFrameworksBuildPhase;
			buildActionMask = 2147483647;
			files = (
			);
			runOnlyForDeploymentPostprocessing = 0;
		};
		A7AE54E6207765770040AEE0 /* Frameworks */ = {
			isa = PBXFrameworksBuildPhase;
			buildActionMask = 2147483647;
			files = (
			);
			runOnlyForDeploymentPostprocessing = 0;
		};
/* End PBXFrameworksBuildPhase section */

/* Begin PBXGroup section */
		A7AE54C1207765770040AEE0 = {
			isa = PBXGroup;
			children = (
				A7AE54CC207765770040AEE0 /* in4me */,
				A7AE54E1207765770040AEE0 /* in4meTests */,
				A7AE54EC207765770040AEE0 /* in4meUITests */,
				A7AE54CB207765770040AEE0 /* Products */,
			);
			sourceTree = "<group>";
		};
		A7AE54CB207765770040AEE0 /* Products */ = {
			isa = PBXGroup;
			children = (
				A7AE54CA207765770040AEE0 /* in4me.app */,
				A7AE54DE207765770040AEE0 /* in4meTests.xctest */,
				A7AE54E9207765770040AEE0 /* in4meUITests.xctest */,
			);
			name = Products;
			sourceTree = "<group>";
		};
		A7AE54CC207765770040AEE0 /* in4me */ = {
			isa = PBXGroup;
			children = (
				A7AE54CD207765770040AEE0 /* AppDelegate.swift */,
				A7AE550120776DF80040AEE0 /* DashboardCollectionViewController.swift */,
				A7AE54D1207765770040AEE0 /* Main.storyboard */,
				A7AE54FD20776B700040AEE0 /* TextMessageCell.swift */,
				A7AE54D4207765770040AEE0 /* Assets.xcassets */,
				A7AE54D6207765770040AEE0 /* LaunchScreen.storyboard */,
				A7AE54D9207765770040AEE0 /* Info.plist */,
				A7AE55032077F5F60040AEE0 /* Utilities.swift */,
				A7AE55052077FFFC0040AEE0 /* LayoutConstants.swift */,
			);
			path = in4me;
			sourceTree = "<group>";
		};
		A7AE54E1207765770040AEE0 /* in4meTests */ = {
			isa = PBXGroup;
			children = (
				A7AE54E2207765770040AEE0 /* in4meTests.swift */,
				A7AE54E4207765770040AEE0 /* Info.plist */,
			);
			path = in4meTests;
			sourceTree = "<group>";
		};
		A7AE54EC207765770040AEE0 /* in4meUITests */ = {
			isa = PBXGroup;
			children = (
				A7AE54ED207765780040AEE0 /* in4meUITests.swift */,
				A7AE54EF207765780040AEE0 /* Info.plist */,
			);
			path = in4meUITests;
			sourceTree = "<group>";
		};
/* End PBXGroup section */

/* Begin PBXNativeTarget section */
		A7AE54C9207765770040AEE0 /* in4me */ = {
			isa = PBXNativeTarget;
			buildConfigurationList = A7AE54F2207765780040AEE0 /* Build configuration list for PBXNativeTarget "in4me" */;
			buildPhases = (
				A7AE54C6207765770040AEE0 /* Sources */,
				A7AE54C7207765770040AEE0 /* Frameworks */,
				A7AE54C8207765770040AEE0 /* Resources */,
			);
			buildRules = (
			);
			dependencies = (
			);
			name = in4me;
			productName = in4me;
			productReference = A7AE54CA207765770040AEE0 /* in4me.app */;
			productType = "com.apple.product-type.application";
		};
		A7AE54DD207765770040AEE0 /* in4meTests */ = {
			isa = PBXNativeTarget;
			buildConfigurationList = A7AE54F5207765780040AEE0 /* Build configuration list for PBXNativeTarget "in4meTests" */;
			buildPhases = (
				A7AE54DA207765770040AEE0 /* Sources */,
				A7AE54DB207765770040AEE0 /* Frameworks */,
				A7AE54DC207765770040AEE0 /* Resources */,
			);
			buildRules = (
			);
			dependencies = (
				A7AE54E0207765770040AEE0 /* PBXTargetDependency */,
			);
			name = in4meTests;
			productName = in4meTests;
			productReference = A7AE54DE207765770040AEE0 /* in4meTests.xctest */;
			productType = "com.apple.product-type.bundle.unit-test";
		};
		A7AE54E8207765770040AEE0 /* in4meUITests */ = {
			isa = PBXNativeTarget;
			buildConfigurationList = A7AE54F8207765780040AEE0 /* Build configuration list for PBXNativeTarget "in4meUITests" */;
			buildPhases = (
				A7AE54E5207765770040AEE0 /* Sources */,
				A7AE54E6207765770040AEE0 /* Frameworks */,
				A7AE54E7207765770040AEE0 /* Resources */,
			);
			buildRules = (
			);
			dependencies = (
				A7AE54EB207765770040AEE0 /* PBXTargetDependency */,
			);
			name = in4meUITests;
			productName = in4meUITests;
			productReference = A7AE54E9207765770040AEE0 /* in4meUITests.xctest */;
			productType = "com.apple.product-type.bundle.ui-testing";
		};
/* End PBXNativeTarget section */

/* Begin PBXProject section */
		A7AE54C2207765770040AEE0 /* Project object */ = {
			isa = PBXProject;
			attributes = {
				LastSwiftUpdateCheck = 0920;
				LastUpgradeCheck = 0920;
				ORGANIZATIONNAME = "Maximilian Klinke";
				TargetAttributes = {
					A7AE54C9207765770040AEE0 = {
						CreatedOnToolsVersion = 9.2;
						ProvisioningStyle = Automatic;
					};
					A7AE54DD207765770040AEE0 = {
						CreatedOnToolsVersion = 9.2;
						ProvisioningStyle = Automatic;
						TestTargetID = A7AE54C9207765770040AEE0;
					};
					A7AE54E8207765770040AEE0 = {
						CreatedOnToolsVersion = 9.2;
						ProvisioningStyle = Automatic;
						TestTargetID = A7AE54C9207765770040AEE0;
					};
				};
			};
			buildConfigurationList = A7AE54C5207765770040AEE0 /* Build configuration list for PBXProject "in4me" */;
			compatibilityVersion = "Xcode 8.0";
			developmentRegion = en;
			hasScannedForEncodings = 0;
			knownRegions = (
				en,
				Base,
			);
			mainGroup = A7AE54C1207765770040AEE0;
			productRefGroup = A7AE54CB207765770040AEE0 /* Products */;
			projectDirPath = "";
			projectRoot = "";
			targets = (
				A7AE54C9207765770040AEE0 /* in4me */,
				A7AE54DD207765770040AEE0 /* in4meTests */,
				A7AE54E8207765770040AEE0 /* in4meUITests */,
			);
		};
/* End PBXProject section */

/* Begin PBXResourcesBuildPhase section */
		A7AE54C8207765770040AEE0 /* Resources */ = {
			isa = PBXResourcesBuildPhase;
			buildActionMask = 2147483647;
			files = (
				A7AE54D8207765770040AEE0 /* LaunchScreen.storyboard in Resources */,
				A7AE54D5207765770040AEE0 /* Assets.xcassets in Resources */,
				A7AE54D3207765770040AEE0 /* Main.storyboard in Resources */,
			);
			runOnlyForDeploymentPostprocessing = 0;
		};
		A7AE54DC207765770040AEE0 /* Resources */ = {
			isa = PBXResourcesBuildPhase;
			buildActionMask = 2147483647;
			files = (
			);
			runOnlyForDeploymentPostprocessing = 0;
		};
		A7AE54E7207765770040AEE0 /* Resources */ = {
			isa = PBXResourcesBuildPhase;
			buildActionMask = 2147483647;
			files = (
			);
			runOnlyForDeploymentPostprocessing = 0;
		};
/* End PBXResourcesBuildPhase section */

/* Begin PBXSourcesBuildPhase section */
		A7AE54C6207765770040AEE0 /* Sources */ = {
			isa = PBXSourcesBuildPhase;
			buildActionMask = 2147483647;
			files = (
				A7AE54FE20776B700040AEE0 /* TextMessageCell.swift in Sources */,
				A7AE550220776DF80040AEE0 /* DashboardCollectionViewController.swift in Sources */,
				A7AE55042077F5F60040AEE0 /* Utilities.swift in Sources */,
				A7AE54CE207765770040AEE0 /* AppDelegate.swift in Sources */,
				A7AE55062077FFFC0040AEE0 /* LayoutConstants.swift in Sources */,
			);
			runOnlyForDeploymentPostprocessing = 0;
		};
		A7AE54DA207765770040AEE0 /* Sources */ = {
			isa = PBXSourcesBuildPhase;
			buildActionMask = 2147483647;
			files = (
				A7AE54E3207765770040AEE0 /* in4meTests.swift in Sources */,
			);
			runOnlyForDeploymentPostprocessing = 0;
		};
		A7AE54E5207765770040AEE0 /* Sources */ = {
			isa = PBXSourcesBuildPhase;
			buildActionMask = 2147483647;
			files = (
				A7AE54EE207765780040AEE0 /* in4meUITests.swift in Sources */,
			);
			runOnlyForDeploymentPostprocessing = 0;
		};
/* End PBXSourcesBuildPhase section */

/* Begin PBXTargetDependency section */
		A7AE54E0207765770040AEE0 /* PBXTargetDependency */ = {
			isa = PBXTargetDependency;
			target = A7AE54C9207765770040AEE0 /* in4me */;
			targetProxy = A7AE54DF207765770040AEE0 /* PBXContainerItemProxy */;
		};
		A7AE54EB207765770040AEE0 /* PBXTargetDependency */ = {
			isa = PBXTargetDependency;
			target = A7AE54C9207765770040AEE0 /* in4me */;
			targetProxy = A7AE54EA207765770040AEE0 /* PBXContainerItemProxy */;
		};
/* End PBXTargetDependency section */

/* Begin PBXVariantGroup section */
		A7AE54D1207765770040AEE0 /* Main.storyboard */ = {
			isa = PBXVariantGroup;
			children = (
				A7AE54D2207765770040AEE0 /* Base */,
			);
			name = Main.storyboard;
			sourceTree = "<group>";
		};
		A7AE54D6207765770040AEE0 /* LaunchScreen.storyboard */ = {
			isa = PBXVariantGroup;
			children = (
				A7AE54D7207765770040AEE0 /* Base */,
			);
			name = LaunchScreen.storyboard;
			sourceTree = "<group>";
		};
/* End PBXVariantGroup section */

/* Begin XCBuildConfiguration section */
		A7AE54F0207765780040AEE0 /* Debug */ = {
			isa = XCBuildConfiguration;
			buildSettings = {
				ALWAYS_SEARCH_USER_PATHS = NO;
				CLANG_ANALYZER_NONNULL = YES;
				CLANG_ANALYZER_NUMBER_OBJECT_CONVERSION = YES_AGGRESSIVE;
				CLANG_CXX_LANGUAGE_STANDARD = "gnu++14";
				CLANG_CXX_LIBRARY = "libc++";
				CLANG_ENABLE_MODULES = YES;
				CLANG_ENABLE_OBJC_ARC = YES;
				CLANG_WARN_BLOCK_CAPTURE_AUTORELEASING = YES;
				CLANG_WARN_BOOL_CONVERSION = YES;
				CLANG_WARN_COMMA = YES;
				CLANG_WARN_CONSTANT_CONVERSION = YES;
				CLANG_WARN_DIRECT_OBJC_ISA_USAGE = YES_ERROR;
				CLANG_WARN_DOCUMENTATION_COMMENTS = YES;
				CLANG_WARN_EMPTY_BODY = YES;
				CLANG_WARN_ENUM_CONVERSION = YES;
				CLANG_WARN_INFINITE_RECURSION = YES;
				CLANG_WARN_INT_CONVERSION = YES;
				CLANG_WARN_NON_LITERAL_NULL_CONVERSION = YES;
				CLANG_WARN_OBJC_LITERAL_CONVERSION = YES;
				CLANG_WARN_OBJC_ROOT_CLASS = YES_ERROR;
				CLANG_WARN_RANGE_LOOP_ANALYSIS = YES;
				CLANG_WARN_STRICT_PROTOTYPES = YES;
				CLANG_WARN_SUSPICIOUS_MOVE = YES;
				CLANG_WARN_UNGUARDED_AVAILABILITY = YES_AGGRESSIVE;
				CLANG_WARN_UNREACHABLE_CODE = YES;
				CLANG_WARN__DUPLICATE_METHOD_MATCH = YES;
				CODE_SIGN_IDENTITY = "iPhone Developer";
				COPY_PHASE_STRIP = NO;
				DEBUG_INFORMATION_FORMAT = dwarf;
				ENABLE_STRICT_OBJC_MSGSEND = YES;
				ENABLE_TESTABILITY = YES;
				GCC_C_LANGUAGE_STANDARD = gnu11;
				GCC_DYNAMIC_NO_PIC = NO;
				GCC_NO_COMMON_BLOCKS = YES;
				GCC_OPTIMIZATION_LEVEL = 0;
				GCC_PREPROCESSOR_DEFINITIONS = (
					"DEBUG=1",
					"$(inherited)",
				);
				GCC_WARN_64_TO_32_BIT_CONVERSION = YES;
				GCC_WARN_ABOUT_RETURN_TYPE = YES_ERROR;
				GCC_WARN_UNDECLARED_SELECTOR = YES;
				GCC_WARN_UNINITIALIZED_AUTOS = YES_AGGRESSIVE;
				GCC_WARN_UNUSED_FUNCTION = YES;
				GCC_WARN_UNUSED_VARIABLE = YES;
				IPHONEOS_DEPLOYMENT_TARGET = 11.2;
				MTL_ENABLE_DEBUG_INFO = YES;
				ONLY_ACTIVE_ARCH = YES;
				SDKROOT = iphoneos;
				SWIFT_ACTIVE_COMPILATION_CONDITIONS = DEBUG;
				SWIFT_OPTIMIZATION_LEVEL = "-Onone";
			};
			name = Debug;
		};
		A7AE54F1207765780040AEE0 /* Release */ = {
			isa = XCBuildConfiguration;
			buildSettings = {
				ALWAYS_SEARCH_USER_PATHS = NO;
				CLANG_ANALYZER_NONNULL = YES;
				CLANG_ANALYZER_NUMBER_OBJECT_CONVERSION = YES_AGGRESSIVE;
				CLANG_CXX_LANGUAGE_STANDARD = "gnu++14";
				CLANG_CXX_LIBRARY = "libc++";
				CLANG_ENABLE_MODULES = YES;
				CLANG_ENABLE_OBJC_ARC = YES;
				CLANG_WARN_BLOCK_CAPTURE_AUTORELEASING = YES;
				CLANG_WARN_BOOL_CONVERSION = YES;
				CLANG_WARN_COMMA = YES;
				CLANG_WARN_CONSTANT_CONVERSION = YES;
				CLANG_WARN_DIRECT_OBJC_ISA_USAGE = YES_ERROR;
				CLANG_WARN_DOCUMENTATION_COMMENTS = YES;
				CLANG_WARN_EMPTY_BODY = YES;
				CLANG_WARN_ENUM_CONVERSION = YES;
				CLANG_WARN_INFINITE_RECURSION = YES;
				CLANG_WARN_INT_CONVERSION = YES;
				CLANG_WARN_NON_LITERAL_NULL_CONVERSION = YES;
				CLANG_WARN_OBJC_LITERAL_CONVERSION = YES;
				CLANG_WARN_OBJC_ROOT_CLASS = YES_ERROR;
				CLANG_WARN_RANGE_LOOP_ANALYSIS = YES;
				CLANG_WARN_STRICT_PROTOTYPES = YES;
				CLANG_WARN_SUSPICIOUS_MOVE = YES;
				CLANG_WARN_UNGUARDED_AVAILABILITY = YES_AGGRESSIVE;
				CLANG_WARN_UNREACHABLE_CODE = YES;
				CLANG_WARN__DUPLICATE_METHOD_MATCH = YES;
				CODE_SIGN_IDENTITY = "iPhone Developer";
				COPY_PHASE_STRIP = NO;
				DEBUG_INFORMATION_FORMAT = "dwarf-with-dsym";
				ENABLE_NS_ASSERTIONS = NO;
				ENABLE_STRICT_OBJC_MSGSEND = YES;
				GCC_C_LANGUAGE_STANDARD = gnu11;
				GCC_NO_COMMON_BLOCKS = YES;
				GCC_WARN_64_TO_32_BIT_CONVERSION = YES;
				GCC_WARN_ABOUT_RETURN_TYPE = YES_ERROR;
				GCC_WARN_UNDECLARED_SELECTOR = YES;
				GCC_WARN_UNINITIALIZED_AUTOS = YES_AGGRESSIVE;
				GCC_WARN_UNUSED_FUNCTION = YES;
				GCC_WARN_UNUSED_VARIABLE = YES;
				IPHONEOS_DEPLOYMENT_TARGET = 11.2;
				MTL_ENABLE_DEBUG_INFO = NO;
				SDKROOT = iphoneos;
				SWIFT_OPTIMIZATION_LEVEL = "-Owholemodule";
				VALIDATE_PRODUCT = YES;
			};
			name = Release;
		};
		A7AE54F3207765780040AEE0 /* Debug */ = {
			isa = XCBuildConfiguration;
			buildSettings = {
				ASSETCATALOG_COMPILER_APPICON_NAME = AppIcon;
				CODE_SIGN_STYLE = Automatic;
				DEVELOPMENT_TEAM = SVX63JH923;
				INFOPLIST_FILE = in4me/Info.plist;
				LD_RUNPATH_SEARCH_PATHS = "$(inherited) @executable_path/Frameworks";
				PRODUCT_BUNDLE_IDENTIFIER = thinkndo.in4me;
				PRODUCT_NAME = "$(TARGET_NAME)";
				SWIFT_VERSION = 4.0;
				TARGETED_DEVICE_FAMILY = "1,2";
			};
			name = Debug;
		};
		A7AE54F4207765780040AEE0 /* Release */ = {
			isa = XCBuildConfiguration;
			buildSettings = {
				ASSETCATALOG_COMPILER_APPICON_NAME = AppIcon;
				CODE_SIGN_STYLE = Automatic;
				DEVELOPMENT_TEAM = SVX63JH923;
				INFOPLIST_FILE = in4me/Info.plist;
				LD_RUNPATH_SEARCH_PATHS = "$(inherited) @executable_path/Frameworks";
				PRODUCT_BUNDLE_IDENTIFIER = thinkndo.in4me;
				PRODUCT_NAME = "$(TARGET_NAME)";
				SWIFT_VERSION = 4.0;
				TARGETED_DEVICE_FAMILY = "1,2";
			};
			name = Release;
		};
		A7AE54F6207765780040AEE0 /* Debug */ = {
			isa = XCBuildConfiguration;
			buildSettings = {
				ALWAYS_EMBED_SWIFT_STANDARD_LIBRARIES = YES;
				BUNDLE_LOADER = "$(TEST_HOST)";
				CODE_SIGN_STYLE = Automatic;
				DEVELOPMENT_TEAM = SVX63JH923;
				INFOPLIST_FILE = in4meTests/Info.plist;
				LD_RUNPATH_SEARCH_PATHS = "$(inherited) @executable_path/Frameworks @loader_path/Frameworks";
				PRODUCT_BUNDLE_IDENTIFIER = thinkndo.in4meTests;
				PRODUCT_NAME = "$(TARGET_NAME)";
				SWIFT_VERSION = 4.0;
				TARGETED_DEVICE_FAMILY = "1,2";
				TEST_HOST = "$(BUILT_PRODUCTS_DIR)/in4me.app/in4me";
			};
			name = Debug;
		};
		A7AE54F7207765780040AEE0 /* Release */ = {
			isa = XCBuildConfiguration;
			buildSettings = {
				ALWAYS_EMBED_SWIFT_STANDARD_LIBRARIES = YES;
				BUNDLE_LOADER = "$(TEST_HOST)";
				CODE_SIGN_STYLE = Automatic;
				DEVELOPMENT_TEAM = SVX63JH923;
				INFOPLIST_FILE = in4meTests/Info.plist;
				LD_RUNPATH_SEARCH_PATHS = "$(inherited) @executable_path/Frameworks @loader_path/Frameworks";
				PRODUCT_BUNDLE_IDENTIFIER = thinkndo.in4meTests;
				PRODUCT_NAME = "$(TARGET_NAME)";
				SWIFT_VERSION = 4.0;
				TARGETED_DEVICE_FAMILY = "1,2";
				TEST_HOST = "$(BUILT_PRODUCTS_DIR)/in4me.app/in4me";
			};
			name = Release;
		};
		A7AE54F9207765780040AEE0 /* Debug */ = {
			isa = XCBuildConfiguration;
			buildSettings = {
				ALWAYS_EMBED_SWIFT_STANDARD_LIBRARIES = YES;
				CODE_SIGN_STYLE = Automatic;
				DEVELOPMENT_TEAM = SVX63JH923;
				INFOPLIST_FILE = in4meUITests/Info.plist;
				LD_RUNPATH_SEARCH_PATHS = "$(inherited) @executable_path/Frameworks @loader_path/Frameworks";
				PRODUCT_BUNDLE_IDENTIFIER = thinkndo.in4meUITests;
				PRODUCT_NAME = "$(TARGET_NAME)";
				SWIFT_VERSION = 4.0;
				TARGETED_DEVICE_FAMILY = "1,2";
				TEST_TARGET_NAME = in4me;
			};
			name = Debug;
		};
		A7AE54FA207765780040AEE0 /* Release */ = {
			isa = XCBuildConfiguration;
			buildSettings = {
				ALWAYS_EMBED_SWIFT_STANDARD_LIBRARIES = YES;
				CODE_SIGN_STYLE = Automatic;
				DEVELOPMENT_TEAM = SVX63JH923;
				INFOPLIST_FILE = in4meUITests/Info.plist;
				LD_RUNPATH_SEARCH_PATHS = "$(inherited) @executable_path/Frameworks @loader_path/Frameworks";
				PRODUCT_BUNDLE_IDENTIFIER = thinkndo.in4meUITests;
				PRODUCT_NAME = "$(TARGET_NAME)";
				SWIFT_VERSION = 4.0;
				TARGETED_DEVICE_FAMILY = "1,2";
				TEST_TARGET_NAME = in4me;
			};
			name = Release;
		};
/* End XCBuildConfiguration section */

/* Begin XCConfigurationList section */
		A7AE54C5207765770040AEE0 /* Build configuration list for PBXProject "in4me" */ = {
			isa = XCConfigurationList;
			buildConfigurations = (
				A7AE54F0207765780040AEE0 /* Debug */,
				A7AE54F1207765780040AEE0 /* Release */,
			);
			defaultConfigurationIsVisible = 0;
			defaultConfigurationName = Release;
		};
		A7AE54F2207765780040AEE0 /* Build configuration list for PBXNativeTarget "in4me" */ = {
			isa = XCConfigurationList;
			buildConfigurations = (
				A7AE54F3207765780040AEE0 /* Debug */,
				A7AE54F4207765780040AEE0 /* Release */,
			);
			defaultConfigurationIsVisible = 0;
			defaultConfigurationName = Release;
		};
		A7AE54F5207765780040AEE0 /* Build configuration list for PBXNativeTarget "in4meTests" */ = {
			isa = XCConfigurationList;
			buildConfigurations = (
				A7AE54F6207765780040AEE0 /* Debug */,
				A7AE54F7207765780040AEE0 /* Release */,
			);
			defaultConfigurationIsVisible = 0;
			defaultConfigurationName = Release;
		};
		A7AE54F8207765780040AEE0 /* Build configuration list for PBXNativeTarget "in4meUITests" */ = {
			isa = XCConfigurationList;
			buildConfigurations = (
				A7AE54F9207765780040AEE0 /* Debug */,
				A7AE54FA207765780040AEE0 /* Release */,
			);
			defaultConfigurationIsVisible = 0;
			defaultConfigurationName = Release;
		};
/* End XCConfigurationList section */
	};
	rootObject = A7AE54C2207765770040AEE0 /* Project object */;
}
